<?xml version="1.0" encoding="utf-8"?>
<Project ToolsVersion="4.0" xmlns="http://schemas.microsoft.com/developer/msbuild/2003">
  <ItemGroup>
    <Filter Include="src">
      <UniqueIdentifier>{2DAB880B-99B4-887C-2230-9F7C8E38947C}</UniqueIdentifier>
    </Filter>
    <Filter Include="src\Platform">
      <UniqueIdentifier>{21CA02E5-0D2D-9289-B6B2-CA3FA2F45D0C}</UniqueIdentifier>
    </Filter>
    <Filter Include="src\Platform\Opengl">
      <UniqueIdentifier>{75A89437-E109-7245-6A77-B8F7D6D7A804}</UniqueIdentifier>
    </Filter>
    <Filter Include="src\Platform\Windows">
      <UniqueIdentifier>{5B054582-4794-CE4B-F0B2-E246DC20DFF1}</UniqueIdentifier>
    </Filter>
    <Filter Include="src\Wabisabi">
      <UniqueIdentifier>{5EFEA30D-4A61-33B2-F3E6-6B68DF28FF34}</UniqueIdentifier>
    </Filter>
    <Filter Include="src\Wabisabi\Events">
      <UniqueIdentifier>{82141CD5-EE75-F9E2-77E3-3F95E34330A2}</UniqueIdentifier>
    </Filter>
    <Filter Include="src\Wabisabi\Renderer">
      <UniqueIdentifier>{C44B6E83-30B8-297E-F9AB-C1DB65D74BE6}</UniqueIdentifier>
    </Filter>
    <Filter Include="vendor">
      <UniqueIdentifier>{B3738122-9F15-ACF8-88D0-BF4C74113349}</UniqueIdentifier>
    </Filter>
    <Filter Include="vendor\stb">
      <UniqueIdentifier>{8BD3C5A8-778B-07F6-E092-E051CC69A2E6}</UniqueIdentifier>
    </Filter>
    <Filter Include="vendor\stb\stb">
      <UniqueIdentifier>{635F6677-4F2D-5A7D-38C1-CAA3242E36E2}</UniqueIdentifier>
    </Filter>
  </ItemGroup>
  <ItemGroup>
    <ClInclude Include="src\Platform\Opengl\OpenglBuffer.h">
      <Filter>src\Platform\Opengl</Filter>
    </ClInclude>
    <ClInclude Include="src\Platform\Opengl\OpenglGLFWContext.h">
      <Filter>src\Platform\Opengl</Filter>
    </ClInclude>
    <ClInclude Include="src\Platform\Opengl\OpenglShader.h">
      <Filter>src\Platform\Opengl</Filter>
    </ClInclude>
    <ClInclude Include="src\Platform\Opengl\OpenglTexture.h">
      <Filter>src\Platform\Opengl</Filter>
    </ClInclude>
    <ClInclude Include="src\Platform\Opengl\OpenglVertexArray.h">
      <Filter>src\Platform\Opengl</Filter>
    </ClInclude>
    <ClInclude Include="src\Platform\Windows\InputWindows.h">
      <Filter>src\Platform\Windows</Filter>
    </ClInclude>
    <ClInclude Include="src\Platform\Windows\WindowsWindow.h">
      <Filter>src\Platform\Windows</Filter>
    </ClInclude>
    <ClInclude Include="src\Wabisabi.h">
      <Filter>src</Filter>
    </ClInclude>
    <ClInclude Include="src\Wabisabi\Application.h">
      <Filter>src\Wabisabi</Filter>
    </ClInclude>
    <ClInclude Include="src\Wabisabi\Core.h">
      <Filter>src\Wabisabi</Filter>
    </ClInclude>
    <ClInclude Include="src\Wabisabi\EntryPoint.h">
      <Filter>src\Wabisabi</Filter>
    </ClInclude>
    <ClInclude Include="src\Wabisabi\Events\Event.h">
      <Filter>src\Wabisabi\Events</Filter>
    </ClInclude>
    <ClInclude Include="src\Wabisabi\Events\KeyEvent.h">
      <Filter>src\Wabisabi\Events</Filter>
    </ClInclude>
    <ClInclude Include="src\Wabisabi\Events\MouseEvent.h">
      <Filter>src\Wabisabi\Events</Filter>
    </ClInclude>
    <ClInclude Include="src\Wabisabi\Events\WindowEvent.h">
      <Filter>src\Wabisabi\Events</Filter>
    </ClInclude>
    <ClInclude Include="src\Wabisabi\Input.h">
      <Filter>src\Wabisabi</Filter>
    </ClInclude>
    <ClInclude Include="src\Wabisabi\KeyCodes.h">
      <Filter>src\Wabisabi</Filter>
    </ClInclude>
    <ClInclude Include="src\Wabisabi\Layer.h">
      <Filter>src\Wabisabi</Filter>
    </ClInclude>
    <ClInclude Include="src\Wabisabi\LayerStack.h">
      <Filter>src\Wabisabi</Filter>
    </ClInclude>
    <ClInclude Include="src\Wabisabi\Log.h">
      <Filter>src\Wabisabi</Filter>
    </ClInclude>
    <ClInclude Include="src\Wabisabi\MouseCodes.h">
      <Filter>src\Wabisabi</Filter>
    </ClInclude>
    <ClInclude Include="src\Wabisabi\Renderer\Buffer.h">
      <Filter>src\Wabisabi\Renderer</Filter>
    </ClInclude>
    <ClInclude Include="src\Wabisabi\Renderer\Camera.h">
      <Filter>src\Wabisabi\Renderer</Filter>
    </ClInclude>
    <ClInclude Include="src\Wabisabi\Renderer\GraphicsContext.h">
      <Filter>src\Wabisabi\Renderer</Filter>
    </ClInclude>
    <ClInclude Include="src\Wabisabi\Renderer\Renderer.h">
      <Filter>src\Wabisabi\Renderer</Filter>
    </ClInclude>
    <ClInclude Include="src\Wabisabi\Renderer\Texture.h">
      <Filter>src\Wabisabi\Renderer</Filter>
    </ClInclude>
    <ClInclude Include="src\Wabisabi\Renderer\VertexArray.h">
      <Filter>src\Wabisabi\Renderer</Filter>
    </ClInclude>
    <ClInclude Include="src\Wabisabi\Window.h">
      <Filter>src\Wabisabi</Filter>
    </ClInclude>
    <ClInclude Include="src\wbpch.h">
      <Filter>src</Filter>
    </ClInclude>
    <ClInclude Include="vendor\stb\stb\stb_image.h">
      <Filter>vendor\stb\stb</Filter>
    </ClInclude>
    <ClInclude Include="src\Wabisabi\Renderer\Material.h" />
    <ClInclude Include="src\Wabisabi\Loader.h">
      <Filter>src\Wabisabi</Filter>
    </ClInclude>
    <ClInclude Include="src\Wabisabi\Renderer\Mesh.h" />
    <ClInclude Include="src\Wabisabi\Renderer\Model.h" />
    <ClInclude Include="src\Wabisabi\Types.h" />
    <ClInclude Include="src\Wabisabi\Renderer\ShaderManager.h" />
    <ClInclude Include="src\Platform\Opengl\OpenglShaderManager.h" />
    <ClInclude Include="src\Wabisabi\Renderer\RenderQueue.h" />
    <ClInclude Include="src\Wabisabi\Renderer\Interface\Renderable.h" />
    <ClInclude Include="src\Wabisabi\Renderer\Shader.h" />
  </ItemGroup>
  <ItemGroup>
    <ClCompile Include="src\Platform\Opengl\OpenglBuffer.cpp">
      <Filter>src\Platform\Opengl</Filter>
    </ClCompile>
    <ClCompile Include="src\Platform\Opengl\OpenglGLFWContext.cpp">
      <Filter>src\Platform\Opengl</Filter>
    </ClCompile>
    <ClCompile Include="src\Platform\Opengl\OpenglShader.cpp">
      <Filter>src\Platform\Opengl</Filter>
    </ClCompile>
    <ClCompile Include="src\Platform\Opengl\OpenglTexture.cpp">
      <Filter>src\Platform\Opengl</Filter>
    </ClCompile>
    <ClCompile Include="src\Platform\Opengl\OpenglVertexArray.cpp">
      <Filter>src\Platform\Opengl</Filter>
    </ClCompile>
    <ClCompile Include="src\Platform\Windows\InputWindows.cpp">
      <Filter>src\Platform\Windows</Filter>
    </ClCompile>
    <ClCompile Include="src\Platform\Windows\WindowsWindow.cpp">
      <Filter>src\Platform\Windows</Filter>
    </ClCompile>
    <ClCompile Include="src\Wabisabi\Application.cpp">
      <Filter>src\Wabisabi</Filter>
    </ClCompile>
    <ClCompile Include="src\Wabisabi\LayerStack.cpp">
      <Filter>src\Wabisabi</Filter>
    </ClCompile>
    <ClCompile Include="src\Wabisabi\Log.cpp">
      <Filter>src\Wabisabi</Filter>
    </ClCompile>
    <ClCompile Include="src\Wabisabi\Renderer\Buffer.cpp">
      <Filter>src\Wabisabi\Renderer</Filter>
    </ClCompile>
    <ClCompile Include="src\Wabisabi\Renderer\Camera.cpp">
      <Filter>src\Wabisabi\Renderer</Filter>
    </ClCompile>
    <ClCompile Include="src\Wabisabi\Renderer\Renderer.cpp">
      <Filter>src\Wabisabi\Renderer</Filter>
    </ClCompile>
    <ClCompile Include="src\Wabisabi\Renderer\Texture.cpp">
      <Filter>src\Wabisabi\Renderer</Filter>
    </ClCompile>
    <ClCompile Include="src\Wabisabi\Renderer\VertexArray.cpp">
      <Filter>src\Wabisabi\Renderer</Filter>
    </ClCompile>
    <ClCompile Include="src\wbpch.cpp">
      <Filter>src</Filter>
    </ClCompile>
    <ClCompile Include="vendor\stb\stb\stb_image.cpp">
      <Filter>vendor\stb\stb</Filter>
    </ClCompile>
    <ClCompile Include="src\Wabisabi\Renderer\Material.cpp" />
    <ClCompile Include="src\Wabisabi\Renderer\Mesh.cpp" />
    <ClCompile Include="src\Wabisabi\Renderer\Model.cpp" />
    <ClCompile Include="src\Wabisabi\Renderer\ShaderManager.cpp" />
    <ClCompile Include="src\Platform\Opengl\OpenglShaderManager.cpp" />
    <ClCompile Include="src\Wabisabi\Renderer\RenderQueue.cpp" />
    <ClCompile Include="src\Wabisabi\Renderer\Shader.cpp" />
  </ItemGroup>
</Project>